{
  "name": "oss-odm",
  "version": "2.0.1",
  "dependencies": {
    "async": {
      "version": "2.1.4",
      "from": "async@2.1.4",
      "resolved": "https://registry.npmjs.org/async/-/async-2.1.4.tgz",
      "dependencies": {
        "lodash": {
          "version": "4.17.4",
          "from": "lodash@>=4.14.0 <5.0.0",
          "resolved": "https://registry.npmjs.org/lodash/-/lodash-4.17.4.tgz"
        }
      }
    },
    "lodash": {
      "version": "3.7.0",
      "from": "lodash@>=3.7.0 <3.8.0",
      "resolved": "https://registry.npmjs.org/lodash/-/lodash-3.7.0.tgz"
    }
  }
}
